
Microsoft Visual Studio Solution File, Format Version 12.00
# Visual Studio Version 17
VisualStudioVersion = 17.1.32328.378
MinimumVisualStudioVersion = 10.0.40219.1
Project("{FAE04EC0-301F-11D3-BF4B-00C04F79EFBC}") = "goto", "goto\goto.csproj", "{36A14F17-A813-4FE6-BAB9-E1D8AAF4E65B}"
EndProject
Global
	GlobalSection(SolutionConfigurationPlatforms) = preSolution
		Debug|Any CPU = Debug|Any CPU
		Release|Any CPU = Release|Any CPU
	EndGlobalSection
	GlobalSection(ProjectConfigurationPlatforms) = postSolution
		{36A14F17-A813-4FE6-BAB9-E1D8AAF4E65B}.Debug|Any CPU.ActiveCfg = Debug|Any CPU
		{36A14F17-A813-4FE6-BAB9-E1D8AAF4E65B}.Debug|Any CPU.Build.0 = Debug|Any CPU
		{36A14F17-A813-4FE6-BAB9-E1D8AAF4E65B}.Release|Any CPU.ActiveCfg = Release|Any CPU
		{36A14F17-A813-4FE6-BAB9-E1D8AAF4E65B}.Release|Any CPU.Build.0 = Release|Any CPU
	EndGlobalSection
	GlobalSection(SolutionProperties) = preSolution
		HideSolutionNode = FALSE
	EndGlobalSection
	GlobalSection(ExtensibilityGlobals) = postSolution
		SolutionGuid = {315D4383-85E0-434C-BF04-77532B4371B5}
	EndGlobalSection
EndGlobal
